<?xml version="1.0" encoding="utf-8"?>
<Project ToolsVersion="4.0" xmlns="http://schemas.microsoft.com/developer/msbuild/2003">
  <ItemGroup>
    <Filter Include="Source Files">
      <UniqueIdentifier>{4FC737F1-C7A5-4376-A066-2A32D752A2FF}</UniqueIdentifier>
      <Extensions>cpp;c;cc;cxx;def;odl;idl;hpj;bat;asm;asmx</Extensions>
    </Filter>
    <Filter Include="Header Files">
      <UniqueIdentifier>{93995380-89BD-4b04-88EB-625FBE52EBFB}</UniqueIdentifier>
      <Extensions>h;hh;hpp;hxx;hm;inl;inc;xsd</Extensions>
    </Filter>
    <Filter Include="Resource Files">
      <UniqueIdentifier>{67DA6AB6-F800-4c08-8B7A-83BB121AAD01}</UniqueIdentifier>
      <Extensions>rc;ico;cur;bmp;dlg;rc2;rct;bin;rgs;gif;jpg;jpeg;jpe;resx;tiff;tif;png;wav;mfcribbon-ms</Extensions>
    </Filter>
    <Filter Include="Source Files\LinkedList">
      <UniqueIdentifier>{2463944a-aa73-43d5-aca4-acb0f6752d26}</UniqueIdentifier>
    </Filter>
    <Filter Include="Header Files\LinkedList">
      <UniqueIdentifier>{117ac3ef-64f6-42ab-995e-1a7e5a7b0833}</UniqueIdentifier>
    </Filter>
    <Filter Include="Source Files\HashTable">
      <UniqueIdentifier>{bb49eb92-21cf-45ff-94bb-dcd96ac8210a}</UniqueIdentifier>
    </Filter>
    <Filter Include="Header Files\HashTable">
      <UniqueIdentifier>{5e2a734e-3c96-4d81-a462-f80842bc070d}</UniqueIdentifier>
    </Filter>
    <Filter Include="Header Files\BindaryTree">
      <UniqueIdentifier>{cfa3ed8e-f3ce-417c-accf-56f05f173426}</UniqueIdentifier>
    </Filter>
    <Filter Include="Source Files\BinaryTree">
      <UniqueIdentifier>{e0ed0d51-c87c-4a22-b421-bda9e7268a4b}</UniqueIdentifier>
    </Filter>
  </ItemGroup>
  <ItemGroup>
    <ClCompile Include="Application2D.cpp">
      <Filter>Source Files</Filter>
    </ClCompile>
    <ClCompile Include="main.cpp">
      <Filter>Source Files</Filter>
    </ClCompile>
    <ClCompile Include="LinkedList.cpp">
      <Filter>Source Files\LinkedList</Filter>
    </ClCompile>
    <ClCompile Include="HashTable.cpp">
      <Filter>Source Files\HashTable</Filter>
    </ClCompile>
    <ClCompile Include="BinaryTree.cpp">
      <Filter>Source Files\BinaryTree</Filter>
    </ClCompile>
    <ClCompile Include="TreeNode.cpp">
      <Filter>Source Files\BinaryTree</Filter>
    </ClCompile>
    <ClCompile Include="HashA.cpp">
      <Filter>Source Files\HashTable</Filter>
    </ClCompile>
  </ItemGroup>
  <ItemGroup>
    <ClInclude Include="Application2D.h">
      <Filter>Header Files</Filter>
    </ClInclude>
    <ClInclude Include="LinkedList.h">
      <Filter>Header Files\LinkedList</Filter>
    </ClInclude>
    <ClInclude Include="HashTable.h">
      <Filter>Header Files\HashTable</Filter>
    </ClInclude>
    <ClInclude Include="BinaryTree.h">
      <Filter>Header Files\BindaryTree</Filter>
    </ClInclude>
    <ClInclude Include="TreeNode.h">
      <Filter>Header Files\BindaryTree</Filter>
    </ClInclude>
    <ClInclude Include="HashA.h">
      <Filter>Header Files\HashTable</Filter>
    </ClInclude>
  </ItemGroup>
</Project>